// !$*UTF8*$!
{
	archiveVersion = 1;
	classes = {
	};
	objectVersion = 50;
	objects = {

/* Begin PBXBuildFile section */
		330D6A12214FD163004236A2 /* RepositoriesFetcher.swift in Sources */ = {isa = PBXBuildFile; fileRef = 330D6A11214FD163004236A2 /* RepositoriesFetcher.swift */; };
		330D6A1B214FD244004236A2 /* TableViewDataSource.swift in Sources */ = {isa = PBXBuildFile; fileRef = 330D6A16214FD244004236A2 /* TableViewDataSource.swift */; };
		330D6A1C214FD244004236A2 /* MasterViewController.swift in Sources */ = {isa = PBXBuildFile; fileRef = 330D6A18214FD244004236A2 /* MasterViewController.swift */; };
		330D6A1D214FD244004236A2 /* DetailViewController.swift in Sources */ = {isa = PBXBuildFile; fileRef = 330D6A19214FD244004236A2 /* DetailViewController.swift */; };
		330D6A1E214FD244004236A2 /* RepositoriesUIController.swift in Sources */ = {isa = PBXBuildFile; fileRef = 330D6A1A214FD244004236A2 /* RepositoriesUIController.swift */; };
		330D6A20214FD328004236A2 /* CellConfigurable.swift in Sources */ = {isa = PBXBuildFile; fileRef = 330D6A1F214FD328004236A2 /* CellConfigurable.swift */; };
		330D6A22214FD33D004236A2 /* ReusableCell.swift in Sources */ = {isa = PBXBuildFile; fileRef = 330D6A21214FD33D004236A2 /* ReusableCell.swift */; };
		330D6A24214FD370004236A2 /* SimpleRepositoryCellRepresentable.swift in Sources */ = {isa = PBXBuildFile; fileRef = 330D6A23214FD370004236A2 /* SimpleRepositoryCellRepresentable.swift */; };
		330D6A26214FD383004236A2 /* SimpleRepositoryCellController.swift in Sources */ = {isa = PBXBuildFile; fileRef = 330D6A25214FD383004236A2 /* SimpleRepositoryCellController.swift */; };
		330D6A28214FD39F004236A2 /* SimpleRepositoryCell.swift in Sources */ = {isa = PBXBuildFile; fileRef = 330D6A27214FD39F004236A2 /* SimpleRepositoryCell.swift */; };
		330D6A2E21510285004236A2 /* User.swift in Sources */ = {isa = PBXBuildFile; fileRef = 330D6A2D21510285004236A2 /* User.swift */; };
		330D6A3021510988004236A2 /* RepositoryHeaderViewController.swift in Sources */ = {isa = PBXBuildFile; fileRef = 330D6A2F21510988004236A2 /* RepositoryHeaderViewController.swift */; };
		330D6A322151304A004236A2 /* ImageFetcher.swift in Sources */ = {isa = PBXBuildFile; fileRef = 330D6A312151304A004236A2 /* ImageFetcher.swift */; };
		330D6A3521516C92004236A2 /* UITableView+extension.swift in Sources */ = {isa = PBXBuildFile; fileRef = 330D6A3421516C92004236A2 /* UITableView+extension.swift */; };
		330D6A3721516CD4004236A2 /* RepositoryHeaderViewUIController.swift in Sources */ = {isa = PBXBuildFile; fileRef = 330D6A3621516CD4004236A2 /* RepositoryHeaderViewUIController.swift */; };
		330D6A3D21523AF5004236A2 /* RepositoryDetailUIController.swift in Sources */ = {isa = PBXBuildFile; fileRef = 330D6A3C21523AF5004236A2 /* RepositoryDetailUIController.swift */; };
		33221FD121552CDA00A84DD2 /* MockUser.swift in Sources */ = {isa = PBXBuildFile; fileRef = 33221FD021552CDA00A84DD2 /* MockUser.swift */; };
		33221FD321552D1500A84DD2 /* MockRepository.swift in Sources */ = {isa = PBXBuildFile; fileRef = 33221FD221552D1500A84DD2 /* MockRepository.swift */; };
		3385DC732155159F00A635BD /* Queue.swift in Sources */ = {isa = PBXBuildFile; fileRef = 3385DC722155159F00A635BD /* Queue.swift */; };
		33BDF4672152D49E004E4F95 /* NibLoadingView.swift in Sources */ = {isa = PBXBuildFile; fileRef = 33BDF4662152D49E004E4F95 /* NibLoadingView.swift */; };
		33BDF4692152D4C5004E4F95 /* UIView+nib.swift in Sources */ = {isa = PBXBuildFile; fileRef = 33BDF4682152D4C5004E4F95 /* UIView+nib.swift */; };
		33BDF46B2152D4E9004E4F95 /* StringFetcherDelegate.swift in Sources */ = {isa = PBXBuildFile; fileRef = 33BDF46A2152D4E9004E4F95 /* StringFetcherDelegate.swift */; };
		33BDF46D2152D510004E4F95 /* FetchingState.swift in Sources */ = {isa = PBXBuildFile; fileRef = 33BDF46C2152D510004E4F95 /* FetchingState.swift */; };
		33BDF46F2152D527004E4F95 /* RepositoriesFetchable.swift in Sources */ = {isa = PBXBuildFile; fileRef = 33BDF46E2152D527004E4F95 /* RepositoriesFetchable.swift */; };
		33BDF4712152D542004E4F95 /* RepositoriesFetchableDelegate.swift in Sources */ = {isa = PBXBuildFile; fileRef = 33BDF4702152D542004E4F95 /* RepositoriesFetchableDelegate.swift */; };
		33BDF4732152D574004E4F95 /* ImageFetchable.swift in Sources */ = {isa = PBXBuildFile; fileRef = 33BDF4722152D574004E4F95 /* ImageFetchable.swift */; };
		33BDF4752152D58B004E4F95 /* ImageFetcherDelegate.swift in Sources */ = {isa = PBXBuildFile; fileRef = 33BDF4742152D58B004E4F95 /* ImageFetcherDelegate.swift */; };
		33BDF4772152DD8E004E4F95 /* CountFetcher.swift in Sources */ = {isa = PBXBuildFile; fileRef = 33BDF4762152DD8E004E4F95 /* CountFetcher.swift */; };
		33BDF4792153749B004E4F95 /* LabelViewController.swift in Sources */ = {isa = PBXBuildFile; fileRef = 33BDF4782153749A004E4F95 /* LabelViewController.swift */; };
		33BDF47B2153765B004E4F95 /* MasterViewControllerTests.swift in Sources */ = {isa = PBXBuildFile; fileRef = 33BDF47A2153765B004E4F95 /* MasterViewControllerTests.swift */; };
		33BDF47D21538C0F004E4F95 /* RepositoriesUIControllerTests.swift in Sources */ = {isa = PBXBuildFile; fileRef = 33BDF47C21538C0F004E4F95 /* RepositoriesUIControllerTests.swift */; };
		33BDF47F2154D026004E4F95 /* GithibAPIClientTests.swift in Sources */ = {isa = PBXBuildFile; fileRef = 33BDF47E2154D026004E4F95 /* GithibAPIClientTests.swift */; };
		33EFAE1521528C3D00DAE838 /* LabelView.xib in Resources */ = {isa = PBXBuildFile; fileRef = 33EFAE1421528C3D00DAE838 /* LabelView.xib */; };
		33EFAE1721528C4900DAE838 /* LabelView.swift in Sources */ = {isa = PBXBuildFile; fileRef = 33EFAE1621528C4900DAE838 /* LabelView.swift */; };
		6C7255CF214D72DB00290D99 /* AppDelegate.swift in Sources */ = {isa = PBXBuildFile; fileRef = 6C7255CE214D72DB00290D99 /* AppDelegate.swift */; };
		6C7255D4214D72DB00290D99 /* Main.storyboard in Resources */ = {isa = PBXBuildFile; fileRef = 6C7255D2214D72DB00290D99 /* Main.storyboard */; };
		6C7255D6214D72DE00290D99 /* Assets.xcassets in Resources */ = {isa = PBXBuildFile; fileRef = 6C7255D5214D72DE00290D99 /* Assets.xcassets */; };
		6C7255D9214D72DE00290D99 /* LaunchScreen.storyboard in Resources */ = {isa = PBXBuildFile; fileRef = 6C7255D7214D72DE00290D99 /* LaunchScreen.storyboard */; };
		6C7255E4214D72DE00290D99 /* SimpleGithubClientTests.swift in Sources */ = {isa = PBXBuildFile; fileRef = 6C7255E3214D72DE00290D99 /* SimpleGithubClientTests.swift */; };
		6C7255F0214EA60B00290D99 /* Endpoint.swift in Sources */ = {isa = PBXBuildFile; fileRef = 6C7255EF214EA60B00290D99 /* Endpoint.swift */; };
		6C7255F2214EA67100290D99 /* GithubEndpoints.swift in Sources */ = {isa = PBXBuildFile; fileRef = 6C7255F1214EA67100290D99 /* GithubEndpoints.swift */; };
		6C7255F4214EA93500290D99 /* APIClient.swift in Sources */ = {isa = PBXBuildFile; fileRef = 6C7255F3214EA93500290D99 /* APIClient.swift */; };
		6C7255F6214EA95F00290D99 /* Result.swift in Sources */ = {isa = PBXBuildFile; fileRef = 6C7255F5214EA95F00290D99 /* Result.swift */; };
		6C7255F8214EA99600290D99 /* HTTPMethods.swift in Sources */ = {isa = PBXBuildFile; fileRef = 6C7255F7214EA99600290D99 /* HTTPMethods.swift */; };
		6C7255FB214EAA1A00290D99 /* Repository.swift in Sources */ = {isa = PBXBuildFile; fileRef = 6C7255FA214EAA1A00290D99 /* Repository.swift */; };
		6C7255FD214EAA5000290D99 /* APIErrors.swift in Sources */ = {isa = PBXBuildFile; fileRef = 6C7255FC214EAA5000290D99 /* APIErrors.swift */; };
		6C725600214EAC2600290D99 /* GithibAPIClient.swift in Sources */ = {isa = PBXBuildFile; fileRef = 6C7255FF214EAC2600290D99 /* GithibAPIClient.swift */; };
/* End PBXBuildFile section */

/* Begin PBXContainerItemProxy section */
		6C7255E0214D72DE00290D99 /* PBXContainerItemProxy */ = {
			isa = PBXContainerItemProxy;
			containerPortal = 6C7255C3214D72DB00290D99 /* Project object */;
			proxyType = 1;
			remoteGlobalIDString = 6C7255CA214D72DB00290D99;
			remoteInfo = SimpleGithubClient;
		};
/* End PBXContainerItemProxy section */

/* Begin PBXFileReference section */
		330D6A11214FD163004236A2 /* RepositoriesFetcher.swift */ = {isa = PBXFileReference; lastKnownFileType = sourcecode.swift; path = RepositoriesFetcher.swift; sourceTree = "<group>"; };
		330D6A16214FD244004236A2 /* TableViewDataSource.swift */ = {isa = PBXFileReference; fileEncoding = 4; lastKnownFileType = sourcecode.swift; path = TableViewDataSource.swift; sourceTree = "<group>"; };
		330D6A18214FD244004236A2 /* MasterViewController.swift */ = {isa = PBXFileReference; fileEncoding = 4; lastKnownFileType = sourcecode.swift; path = MasterViewController.swift; sourceTree = "<group>"; };
		330D6A19214FD244004236A2 /* DetailViewController.swift */ = {isa = PBXFileReference; fileEncoding = 4; lastKnownFileType = sourcecode.swift; path = DetailViewController.swift; sourceTree = "<group>"; };
		330D6A1A214FD244004236A2 /* RepositoriesUIController.swift */ = {isa = PBXFileReference; fileEncoding = 4; lastKnownFileType = sourcecode.swift; path = RepositoriesUIController.swift; sourceTree = "<group>"; };
		330D6A1F214FD328004236A2 /* CellConfigurable.swift */ = {isa = PBXFileReference; lastKnownFileType = sourcecode.swift; path = CellConfigurable.swift; sourceTree = "<group>"; };
		330D6A21214FD33D004236A2 /* ReusableCell.swift */ = {isa = PBXFileReference; lastKnownFileType = sourcecode.swift; path = ReusableCell.swift; sourceTree = "<group>"; };
		330D6A23214FD370004236A2 /* SimpleRepositoryCellRepresentable.swift */ = {isa = PBXFileReference; lastKnownFileType = sourcecode.swift; path = SimpleRepositoryCellRepresentable.swift; sourceTree = "<group>"; };
		330D6A25214FD383004236A2 /* SimpleRepositoryCellController.swift */ = {isa = PBXFileReference; lastKnownFileType = sourcecode.swift; path = SimpleRepositoryCellController.swift; sourceTree = "<group>"; };
		330D6A27214FD39F004236A2 /* SimpleRepositoryCell.swift */ = {isa = PBXFileReference; lastKnownFileType = sourcecode.swift; path = SimpleRepositoryCell.swift; sourceTree = "<group>"; };
		330D6A2D21510285004236A2 /* User.swift */ = {isa = PBXFileReference; lastKnownFileType = sourcecode.swift; path = User.swift; sourceTree = "<group>"; };
		330D6A2F21510988004236A2 /* RepositoryHeaderViewController.swift */ = {isa = PBXFileReference; lastKnownFileType = sourcecode.swift; path = RepositoryHeaderViewController.swift; sourceTree = "<group>"; };
		330D6A312151304A004236A2 /* ImageFetcher.swift */ = {isa = PBXFileReference; lastKnownFileType = sourcecode.swift; path = ImageFetcher.swift; sourceTree = "<group>"; };
		330D6A3421516C92004236A2 /* UITableView+extension.swift */ = {isa = PBXFileReference; lastKnownFileType = sourcecode.swift; path = "UITableView+extension.swift"; sourceTree = "<group>"; };
		330D6A3621516CD4004236A2 /* RepositoryHeaderViewUIController.swift */ = {isa = PBXFileReference; lastKnownFileType = sourcecode.swift; path = RepositoryHeaderViewUIController.swift; sourceTree = "<group>"; };
		330D6A3C21523AF5004236A2 /* RepositoryDetailUIController.swift */ = {isa = PBXFileReference; lastKnownFileType = sourcecode.swift; path = RepositoryDetailUIController.swift; sourceTree = "<group>"; };
		33221FD021552CDA00A84DD2 /* MockUser.swift */ = {isa = PBXFileReference; lastKnownFileType = sourcecode.swift; path = MockUser.swift; sourceTree = "<group>"; };
		33221FD221552D1500A84DD2 /* MockRepository.swift */ = {isa = PBXFileReference; lastKnownFileType = sourcecode.swift; path = MockRepository.swift; sourceTree = "<group>"; };
		3385DC722155159F00A635BD /* Queue.swift */ = {isa = PBXFileReference; lastKnownFileType = sourcecode.swift; path = Queue.swift; sourceTree = "<group>"; };
		33BDF4662152D49E004E4F95 /* NibLoadingView.swift */ = {isa = PBXFileReference; lastKnownFileType = sourcecode.swift; path = NibLoadingView.swift; sourceTree = "<group>"; };
		33BDF4682152D4C5004E4F95 /* UIView+nib.swift */ = {isa = PBXFileReference; lastKnownFileType = sourcecode.swift; path = "UIView+nib.swift"; sourceTree = "<group>"; };
		33BDF46A2152D4E9004E4F95 /* StringFetcherDelegate.swift */ = {isa = PBXFileReference; lastKnownFileType = sourcecode.swift; path = StringFetcherDelegate.swift; sourceTree = "<group>"; };
		33BDF46C2152D510004E4F95 /* FetchingState.swift */ = {isa = PBXFileReference; lastKnownFileType = sourcecode.swift; path = FetchingState.swift; sourceTree = "<group>"; };
		33BDF46E2152D527004E4F95 /* RepositoriesFetchable.swift */ = {isa = PBXFileReference; lastKnownFileType = sourcecode.swift; path = RepositoriesFetchable.swift; sourceTree = "<group>"; };
		33BDF4702152D542004E4F95 /* RepositoriesFetchableDelegate.swift */ = {isa = PBXFileReference; lastKnownFileType = sourcecode.swift; path = RepositoriesFetchableDelegate.swift; sourceTree = "<group>"; };
		33BDF4722152D574004E4F95 /* ImageFetchable.swift */ = {isa = PBXFileReference; lastKnownFileType = sourcecode.swift; path = ImageFetchable.swift; sourceTree = "<group>"; };
		33BDF4742152D58B004E4F95 /* ImageFetcherDelegate.swift */ = {isa = PBXFileReference; lastKnownFileType = sourcecode.swift; path = ImageFetcherDelegate.swift; sourceTree = "<group>"; };
		33BDF4762152DD8E004E4F95 /* CountFetcher.swift */ = {isa = PBXFileReference; lastKnownFileType = sourcecode.swift; path = CountFetcher.swift; sourceTree = "<group>"; };
		33BDF4782153749A004E4F95 /* LabelViewController.swift */ = {isa = PBXFileReference; lastKnownFileType = sourcecode.swift; path = LabelViewController.swift; sourceTree = "<group>"; };
		33BDF47A2153765B004E4F95 /* MasterViewControllerTests.swift */ = {isa = PBXFileReference; lastKnownFileType = sourcecode.swift; path = MasterViewControllerTests.swift; sourceTree = "<group>"; };
		33BDF47C21538C0F004E4F95 /* RepositoriesUIControllerTests.swift */ = {isa = PBXFileReference; lastKnownFileType = sourcecode.swift; path = RepositoriesUIControllerTests.swift; sourceTree = "<group>"; };
		33BDF47E2154D026004E4F95 /* GithibAPIClientTests.swift */ = {isa = PBXFileReference; lastKnownFileType = sourcecode.swift; path = GithibAPIClientTests.swift; sourceTree = "<group>"; };
		33EFAE1421528C3D00DAE838 /* LabelView.xib */ = {isa = PBXFileReference; lastKnownFileType = file.xib; path = LabelView.xib; sourceTree = "<group>"; };
		33EFAE1621528C4900DAE838 /* LabelView.swift */ = {isa = PBXFileReference; lastKnownFileType = sourcecode.swift; path = LabelView.swift; sourceTree = "<group>"; };
		6C7255CB214D72DB00290D99 /* SimpleGithubClient.app */ = {isa = PBXFileReference; explicitFileType = wrapper.application; includeInIndex = 0; path = SimpleGithubClient.app; sourceTree = BUILT_PRODUCTS_DIR; };
		6C7255CE214D72DB00290D99 /* AppDelegate.swift */ = {isa = PBXFileReference; lastKnownFileType = sourcecode.swift; path = AppDelegate.swift; sourceTree = "<group>"; };
		6C7255D3214D72DB00290D99 /* Base */ = {isa = PBXFileReference; lastKnownFileType = file.storyboard; name = Base; path = Base.lproj/Main.storyboard; sourceTree = "<group>"; };
		6C7255D5214D72DE00290D99 /* Assets.xcassets */ = {isa = PBXFileReference; lastKnownFileType = folder.assetcatalog; path = Assets.xcassets; sourceTree = "<group>"; };
		6C7255D8214D72DE00290D99 /* Base */ = {isa = PBXFileReference; lastKnownFileType = file.storyboard; name = Base; path = Base.lproj/LaunchScreen.storyboard; sourceTree = "<group>"; };
		6C7255DA214D72DE00290D99 /* Info.plist */ = {isa = PBXFileReference; lastKnownFileType = text.plist.xml; path = Info.plist; sourceTree = "<group>"; };
		6C7255DF214D72DE00290D99 /* SimpleGithubClientTests.xctest */ = {isa = PBXFileReference; explicitFileType = wrapper.cfbundle; includeInIndex = 0; path = SimpleGithubClientTests.xctest; sourceTree = BUILT_PRODUCTS_DIR; };
		6C7255E3214D72DE00290D99 /* SimpleGithubClientTests.swift */ = {isa = PBXFileReference; lastKnownFileType = sourcecode.swift; path = SimpleGithubClientTests.swift; sourceTree = "<group>"; };
		6C7255E5214D72DE00290D99 /* Info.plist */ = {isa = PBXFileReference; lastKnownFileType = text.plist.xml; path = Info.plist; sourceTree = "<group>"; };
		6C7255EF214EA60B00290D99 /* Endpoint.swift */ = {isa = PBXFileReference; lastKnownFileType = sourcecode.swift; path = Endpoint.swift; sourceTree = "<group>"; };
		6C7255F1214EA67100290D99 /* GithubEndpoints.swift */ = {isa = PBXFileReference; lastKnownFileType = sourcecode.swift; path = GithubEndpoints.swift; sourceTree = "<group>"; };
		6C7255F3214EA93500290D99 /* APIClient.swift */ = {isa = PBXFileReference; lastKnownFileType = sourcecode.swift; path = APIClient.swift; sourceTree = "<group>"; };
		6C7255F5214EA95F00290D99 /* Result.swift */ = {isa = PBXFileReference; lastKnownFileType = sourcecode.swift; path = Result.swift; sourceTree = "<group>"; };
		6C7255F7214EA99600290D99 /* HTTPMethods.swift */ = {isa = PBXFileReference; lastKnownFileType = sourcecode.swift; path = HTTPMethods.swift; sourceTree = "<group>"; };
		6C7255FA214EAA1A00290D99 /* Repository.swift */ = {isa = PBXFileReference; lastKnownFileType = sourcecode.swift; path = Repository.swift; sourceTree = "<group>"; };
		6C7255FC214EAA5000290D99 /* APIErrors.swift */ = {isa = PBXFileReference; lastKnownFileType = sourcecode.swift; path = APIErrors.swift; sourceTree = "<group>"; };
		6C7255FF214EAC2600290D99 /* GithibAPIClient.swift */ = {isa = PBXFileReference; lastKnownFileType = sourcecode.swift; path = GithibAPIClient.swift; sourceTree = "<group>"; };
/* End PBXFileReference section */

/* Begin PBXFrameworksBuildPhase section */
		6C7255C8214D72DB00290D99 /* Frameworks */ = {
			isa = PBXFrameworksBuildPhase;
			buildActionMask = 2147483647;
			files = (
			);
			runOnlyForDeploymentPostprocessing = 0;
		};
		6C7255DC214D72DE00290D99 /* Frameworks */ = {
			isa = PBXFrameworksBuildPhase;
			buildActionMask = 2147483647;
			files = (
			);
			runOnlyForDeploymentPostprocessing = 0;
		};
/* End PBXFrameworksBuildPhase section */

/* Begin PBXGroup section */
		330D6A15214FD244004236A2 /* UI */ = {
			isa = PBXGroup;
			children = (
				330D6A17214FD244004236A2 /* ViewControllers */,
				330D6A3321516C5F004236A2 /* Cell */,
				330D6A16214FD244004236A2 /* TableViewDataSource.swift */,
				330D6A23214FD370004236A2 /* SimpleRepositoryCellRepresentable.swift */,
				330D6A25214FD383004236A2 /* SimpleRepositoryCellController.swift */,
				330D6A3421516C92004236A2 /* UITableView+extension.swift */,
				330D6A1A214FD244004236A2 /* RepositoriesUIController.swift */,
				330D6A3621516CD4004236A2 /* RepositoryHeaderViewUIController.swift */,
				330D6A3C21523AF5004236A2 /* RepositoryDetailUIController.swift */,
				33BDF4652152D469004E4F95 /* LabelView */,
			);
			path = UI;
			sourceTree = "<group>";
		};
		330D6A17214FD244004236A2 /* ViewControllers */ = {
			isa = PBXGroup;
			children = (
				330D6A18214FD244004236A2 /* MasterViewController.swift */,
				330D6A19214FD244004236A2 /* DetailViewController.swift */,
				330D6A2F21510988004236A2 /* RepositoryHeaderViewController.swift */,
				33BDF4782153749A004E4F95 /* LabelViewController.swift */,
			);
			path = ViewControllers;
			sourceTree = "<group>";
		};
		330D6A3321516C5F004236A2 /* Cell */ = {
			isa = PBXGroup;
			children = (
				330D6A1F214FD328004236A2 /* CellConfigurable.swift */,
				330D6A21214FD33D004236A2 /* ReusableCell.swift */,
				330D6A27214FD39F004236A2 /* SimpleRepositoryCell.swift */,
			);
			path = Cell;
			sourceTree = "<group>";
		};
		33BDF4652152D469004E4F95 /* LabelView */ = {
			isa = PBXGroup;
			children = (
				33EFAE1421528C3D00DAE838 /* LabelView.xib */,
				33EFAE1621528C4900DAE838 /* LabelView.swift */,
				33BDF4682152D4C5004E4F95 /* UIView+nib.swift */,
				33BDF4662152D49E004E4F95 /* NibLoadingView.swift */,
			);
			path = LabelView;
			sourceTree = "<group>";
		};
		6C7255C2214D72DB00290D99 = {
			isa = PBXGroup;
			children = (
				6C7255CD214D72DB00290D99 /* SimpleGithubClient */,
				6C7255E2214D72DE00290D99 /* SimpleGithubClientTests */,
				6C7255CC214D72DB00290D99 /* Products */,
			);
			sourceTree = "<group>";
		};
		6C7255CC214D72DB00290D99 /* Products */ = {
			isa = PBXGroup;
			children = (
				6C7255CB214D72DB00290D99 /* SimpleGithubClient.app */,
				6C7255DF214D72DE00290D99 /* SimpleGithubClientTests.xctest */,
			);
			name = Products;
			sourceTree = "<group>";
		};
		6C7255CD214D72DB00290D99 /* SimpleGithubClient */ = {
			isa = PBXGroup;
			children = (
				330D6A15214FD244004236A2 /* UI */,
				6C7255F9214EAA0900290D99 /* Model */,
				6C7255EE214EA5F800290D99 /* Networking */,
				6C7255CE214D72DB00290D99 /* AppDelegate.swift */,
				6C7255D2214D72DB00290D99 /* Main.storyboard */,
				6C7255D5214D72DE00290D99 /* Assets.xcassets */,
				6C7255D7214D72DE00290D99 /* LaunchScreen.storyboard */,
				6C7255DA214D72DE00290D99 /* Info.plist */,
			);
			path = SimpleGithubClient;
			sourceTree = "<group>";
		};
		6C7255E2214D72DE00290D99 /* SimpleGithubClientTests */ = {
			isa = PBXGroup;
			children = (
				33BDF47E2154D026004E4F95 /* GithibAPIClientTests.swift */,
				6C7255E3214D72DE00290D99 /* SimpleGithubClientTests.swift */,
				33BDF47A2153765B004E4F95 /* MasterViewControllerTests.swift */,
				33BDF47C21538C0F004E4F95 /* RepositoriesUIControllerTests.swift */,
				3385DC722155159F00A635BD /* Queue.swift */,
				6C7255E5214D72DE00290D99 /* Info.plist */,
				33221FD021552CDA00A84DD2 /* MockUser.swift */,
				33221FD221552D1500A84DD2 /* MockRepository.swift */,
			);
			path = SimpleGithubClientTests;
			sourceTree = "<group>";
		};
		6C7255EE214EA5F800290D99 /* Networking */ = {
			isa = PBXGroup;
			children = (
				6C7255FE214EAC0500290D99 /* Protocols */,
				6C7255F1214EA67100290D99 /* GithubEndpoints.swift */,
				6C7255F5214EA95F00290D99 /* Result.swift */,
				6C7255F7214EA99600290D99 /* HTTPMethods.swift */,
				6C7255FC214EAA5000290D99 /* APIErrors.swift */,
				6C7255FF214EAC2600290D99 /* GithibAPIClient.swift */,
				330D6A11214FD163004236A2 /* RepositoriesFetcher.swift */,
				33BDF46C2152D510004E4F95 /* FetchingState.swift */,
				330D6A312151304A004236A2 /* ImageFetcher.swift */,
				33BDF4762152DD8E004E4F95 /* CountFetcher.swift */,
			);
			path = Networking;
			sourceTree = "<group>";
		};
		6C7255F9214EAA0900290D99 /* Model */ = {
			isa = PBXGroup;
			children = (
				6C7255FA214EAA1A00290D99 /* Repository.swift */,
				330D6A2D21510285004236A2 /* User.swift */,
			);
			path = Model;
			sourceTree = "<group>";
		};
		6C7255FE214EAC0500290D99 /* Protocols */ = {
			isa = PBXGroup;
			children = (
				6C7255EF214EA60B00290D99 /* Endpoint.swift */,
				6C7255F3214EA93500290D99 /* APIClient.swift */,
				33BDF46A2152D4E9004E4F95 /* StringFetcherDelegate.swift */,
				33BDF46E2152D527004E4F95 /* RepositoriesFetchable.swift */,
				33BDF4702152D542004E4F95 /* RepositoriesFetchableDelegate.swift */,
				33BDF4722152D574004E4F95 /* ImageFetchable.swift */,
				33BDF4742152D58B004E4F95 /* ImageFetcherDelegate.swift */,
			);
			path = Protocols;
			sourceTree = "<group>";
		};
/* End PBXGroup section */

/* Begin PBXNativeTarget section */
		6C7255CA214D72DB00290D99 /* SimpleGithubClient */ = {
			isa = PBXNativeTarget;
			buildConfigurationList = 6C7255E8214D72DE00290D99 /* Build configuration list for PBXNativeTarget "SimpleGithubClient" */;
			buildPhases = (
				6C7255C7214D72DB00290D99 /* Sources */,
				6C7255C8214D72DB00290D99 /* Frameworks */,
				6C7255C9214D72DB00290D99 /* Resources */,
			);
			buildRules = (
			);
			dependencies = (
			);
			name = SimpleGithubClient;
			productName = SimpleGithubClient;
			productReference = 6C7255CB214D72DB00290D99 /* SimpleGithubClient.app */;
			productType = "com.apple.product-type.application";
		};
		6C7255DE214D72DE00290D99 /* SimpleGithubClientTests */ = {
			isa = PBXNativeTarget;
			buildConfigurationList = 6C7255EB214D72DE00290D99 /* Build configuration list for PBXNativeTarget "SimpleGithubClientTests" */;
			buildPhases = (
				6C7255DB214D72DE00290D99 /* Sources */,
				6C7255DC214D72DE00290D99 /* Frameworks */,
				6C7255DD214D72DE00290D99 /* Resources */,
			);
			buildRules = (
			);
			dependencies = (
				6C7255E1214D72DE00290D99 /* PBXTargetDependency */,
			);
			name = SimpleGithubClientTests;
			productName = SimpleGithubClientTests;
			productReference = 6C7255DF214D72DE00290D99 /* SimpleGithubClientTests.xctest */;
			productType = "com.apple.product-type.bundle.unit-test";
		};
/* End PBXNativeTarget section */

/* Begin PBXProject section */
		6C7255C3214D72DB00290D99 /* Project object */ = {
			isa = PBXProject;
			attributes = {
				LastSwiftUpdateCheck = 0940;
				LastUpgradeCheck = 0940;
				ORGANIZATIONNAME = "Alexey Ivanov";
				TargetAttributes = {
					6C7255CA214D72DB00290D99 = {
						CreatedOnToolsVersion = 9.4.1;
					};
					6C7255DE214D72DE00290D99 = {
						CreatedOnToolsVersion = 9.4.1;
						TestTargetID = 6C7255CA214D72DB00290D99;
					};
				};
			};
			buildConfigurationList = 6C7255C6214D72DB00290D99 /* Build configuration list for PBXProject "SimpleGithubClient" */;
			compatibilityVersion = "Xcode 9.3";
			developmentRegion = en;
			hasScannedForEncodings = 0;
			knownRegions = (
				en,
				Base,
			);
			mainGroup = 6C7255C2214D72DB00290D99;
			productRefGroup = 6C7255CC214D72DB00290D99 /* Products */;
			projectDirPath = "";
			projectRoot = "";
			targets = (
				6C7255CA214D72DB00290D99 /* SimpleGithubClient */,
				6C7255DE214D72DE00290D99 /* SimpleGithubClientTests */,
			);
		};
/* End PBXProject section */

/* Begin PBXResourcesBuildPhase section */
		6C7255C9214D72DB00290D99 /* Resources */ = {
			isa = PBXResourcesBuildPhase;
			buildActionMask = 2147483647;
			files = (
				6C7255D9214D72DE00290D99 /* LaunchScreen.storyboard in Resources */,
				33EFAE1521528C3D00DAE838 /* LabelView.xib in Resources */,
				6C7255D6214D72DE00290D99 /* Assets.xcassets in Resources */,
				6C7255D4214D72DB00290D99 /* Main.storyboard in Resources */,
			);
			runOnlyForDeploymentPostprocessing = 0;
		};
		6C7255DD214D72DE00290D99 /* Resources */ = {
			isa = PBXResourcesBuildPhase;
			buildActionMask = 2147483647;
			files = (
			);
			runOnlyForDeploymentPostprocessing = 0;
		};
/* End PBXResourcesBuildPhase section */

/* Begin PBXSourcesBuildPhase section */
		6C7255C7214D72DB00290D99 /* Sources */ = {
			isa = PBXSourcesBuildPhase;
			buildActionMask = 2147483647;
			files = (
				330D6A12214FD163004236A2 /* RepositoriesFetcher.swift in Sources */,
				330D6A1E214FD244004236A2 /* RepositoriesUIController.swift in Sources */,
				330D6A3521516C92004236A2 /* UITableView+extension.swift in Sources */,
				330D6A20214FD328004236A2 /* CellConfigurable.swift in Sources */,
				330D6A322151304A004236A2 /* ImageFetcher.swift in Sources */,
				330D6A3D21523AF5004236A2 /* RepositoryDetailUIController.swift in Sources */,
				330D6A28214FD39F004236A2 /* SimpleRepositoryCell.swift in Sources */,
				6C7255F6214EA95F00290D99 /* Result.swift in Sources */,
				6C7255F0214EA60B00290D99 /* Endpoint.swift in Sources */,
				33BDF4732152D574004E4F95 /* ImageFetchable.swift in Sources */,
				330D6A24214FD370004236A2 /* SimpleRepositoryCellRepresentable.swift in Sources */,
				6C7255FB214EAA1A00290D99 /* Repository.swift in Sources */,
				6C7255CF214D72DB00290D99 /* AppDelegate.swift in Sources */,
				330D6A1B214FD244004236A2 /* TableViewDataSource.swift in Sources */,
				33BDF4772152DD8E004E4F95 /* CountFetcher.swift in Sources */,
				6C7255F4214EA93500290D99 /* APIClient.swift in Sources */,
				330D6A1C214FD244004236A2 /* MasterViewController.swift in Sources */,
				33BDF4712152D542004E4F95 /* RepositoriesFetchableDelegate.swift in Sources */,
				330D6A3721516CD4004236A2 /* RepositoryHeaderViewUIController.swift in Sources */,
				33BDF46B2152D4E9004E4F95 /* StringFetcherDelegate.swift in Sources */,
				33BDF4672152D49E004E4F95 /* NibLoadingView.swift in Sources */,
				33BDF46D2152D510004E4F95 /* FetchingState.swift in Sources */,
				330D6A3021510988004236A2 /* RepositoryHeaderViewController.swift in Sources */,
				330D6A26214FD383004236A2 /* SimpleRepositoryCellController.swift in Sources */,
				33BDF4792153749B004E4F95 /* LabelViewController.swift in Sources */,
				6C725600214EAC2600290D99 /* GithibAPIClient.swift in Sources */,
				33BDF4692152D4C5004E4F95 /* UIView+nib.swift in Sources */,
				33BDF4752152D58B004E4F95 /* ImageFetcherDelegate.swift in Sources */,
				6C7255F2214EA67100290D99 /* GithubEndpoints.swift in Sources */,
				6C7255F8214EA99600290D99 /* HTTPMethods.swift in Sources */,
				6C7255FD214EAA5000290D99 /* APIErrors.swift in Sources */,
				330D6A1D214FD244004236A2 /* DetailViewController.swift in Sources */,
				33BDF46F2152D527004E4F95 /* RepositoriesFetchable.swift in Sources */,
				33EFAE1721528C4900DAE838 /* LabelView.swift in Sources */,
				330D6A22214FD33D004236A2 /* ReusableCell.swift in Sources */,
				330D6A2E21510285004236A2 /* User.swift in Sources */,
			);
			runOnlyForDeploymentPostprocessing = 0;
		};
		6C7255DB214D72DE00290D99 /* Sources */ = {
			isa = PBXSourcesBuildPhase;
			buildActionMask = 2147483647;
			files = (
				3385DC732155159F00A635BD /* Queue.swift in Sources */,
				33221FD321552D1500A84DD2 /* MockRepository.swift in Sources */,
				33BDF47F2154D026004E4F95 /* GithibAPIClientTests.swift in Sources */,
				33BDF47D21538C0F004E4F95 /* RepositoriesUIControllerTests.swift in Sources */,
				33BDF47B2153765B004E4F95 /* MasterViewControllerTests.swift in Sources */,
				33221FD121552CDA00A84DD2 /* MockUser.swift in Sources */,
				6C7255E4214D72DE00290D99 /* SimpleGithubClientTests.swift in Sources */,
			);
			runOnlyForDeploymentPostprocessing = 0;
		};
/* End PBXSourcesBuildPhase section */

/* Begin PBXTargetDependency section */
		6C7255E1214D72DE00290D99 /* PBXTargetDependency */ = {
			isa = PBXTargetDependency;
			target = 6C7255CA214D72DB00290D99 /* SimpleGithubClient */;
			targetProxy = 6C7255E0214D72DE00290D99 /* PBXContainerItemProxy */;
		};
/* End PBXTargetDependency section */

/* Begin PBXVariantGroup section */
		6C7255D2214D72DB00290D99 /* Main.storyboard */ = {
			isa = PBXVariantGroup;
			children = (
				6C7255D3214D72DB00290D99 /* Base */,
			);
			name = Main.storyboard;
			sourceTree = "<group>";
		};
		6C7255D7214D72DE00290D99 /* LaunchScreen.storyboard */ = {
			isa = PBXVariantGroup;
			children = (
				6C7255D8214D72DE00290D99 /* Base */,
			);
			name = LaunchScreen.storyboard;
			sourceTree = "<group>";
		};
/* End PBXVariantGroup section */

/* Begin XCBuildConfiguration section */
		6C7255E6214D72DE00290D99 /* Debug */ = {
			isa = XCBuildConfiguration;
			buildSettings = {
				ALWAYS_SEARCH_USER_PATHS = NO;
				CLANG_ANALYZER_NONNULL = YES;
				CLANG_ANALYZER_NUMBER_OBJECT_CONVERSION = YES_AGGRESSIVE;
				CLANG_CXX_LANGUAGE_STANDARD = "gnu++14";
				CLANG_CXX_LIBRARY = "libc++";
				CLANG_ENABLE_MODULES = YES;
				CLANG_ENABLE_OBJC_ARC = YES;
				CLANG_ENABLE_OBJC_WEAK = YES;
				CLANG_WARN_BLOCK_CAPTURE_AUTORELEASING = YES;
				CLANG_WARN_BOOL_CONVERSION = YES;
				CLANG_WARN_COMMA = YES;
				CLANG_WARN_CONSTANT_CONVERSION = YES;
				CLANG_WARN_DEPRECATED_OBJC_IMPLEMENTATIONS = YES;
				CLANG_WARN_DIRECT_OBJC_ISA_USAGE = YES_ERROR;
				CLANG_WARN_DOCUMENTATION_COMMENTS = YES;
				CLANG_WARN_EMPTY_BODY = YES;
				CLANG_WARN_ENUM_CONVERSION = YES;
				CLANG_WARN_INFINITE_RECURSION = YES;
				CLANG_WARN_INT_CONVERSION = YES;
				CLANG_WARN_NON_LITERAL_NULL_CONVERSION = YES;
				CLANG_WARN_OBJC_IMPLICIT_RETAIN_SELF = YES;
				CLANG_WARN_OBJC_LITERAL_CONVERSION = YES;
				CLANG_WARN_OBJC_ROOT_CLASS = YES_ERROR;
				CLANG_WARN_RANGE_LOOP_ANALYSIS = YES;
				CLANG_WARN_STRICT_PROTOTYPES = YES;
				CLANG_WARN_SUSPICIOUS_MOVE = YES;
				CLANG_WARN_UNGUARDED_AVAILABILITY = YES_AGGRESSIVE;
				CLANG_WARN_UNREACHABLE_CODE = YES;
				CLANG_WARN__DUPLICATE_METHOD_MATCH = YES;
				CODE_SIGN_IDENTITY = "iPhone Developer";
				COPY_PHASE_STRIP = NO;
				DEBUG_INFORMATION_FORMAT = dwarf;
				ENABLE_STRICT_OBJC_MSGSEND = YES;
				ENABLE_TESTABILITY = YES;
				GCC_C_LANGUAGE_STANDARD = gnu11;
				GCC_DYNAMIC_NO_PIC = NO;
				GCC_NO_COMMON_BLOCKS = YES;
				GCC_OPTIMIZATION_LEVEL = 0;
				GCC_PREPROCESSOR_DEFINITIONS = (
					"DEBUG=1",
					"$(inherited)",
				);
				GCC_WARN_64_TO_32_BIT_CONVERSION = YES;
				GCC_WARN_ABOUT_RETURN_TYPE = YES_ERROR;
				GCC_WARN_UNDECLARED_SELECTOR = YES;
				GCC_WARN_UNINITIALIZED_AUTOS = YES_AGGRESSIVE;
				GCC_WARN_UNUSED_FUNCTION = YES;
				GCC_WARN_UNUSED_VARIABLE = YES;
				IPHONEOS_DEPLOYMENT_TARGET = 11.4;
				MTL_ENABLE_DEBUG_INFO = YES;
				ONLY_ACTIVE_ARCH = YES;
				SDKROOT = iphoneos;
				SWIFT_ACTIVE_COMPILATION_CONDITIONS = DEBUG;
				SWIFT_OPTIMIZATION_LEVEL = "-Onone";
			};
			name = Debug;
		};
		6C7255E7214D72DE00290D99 /* Release */ = {
			isa = XCBuildConfiguration;
			buildSettings = {
				ALWAYS_SEARCH_USER_PATHS = NO;
				CLANG_ANALYZER_NONNULL = YES;
				CLANG_ANALYZER_NUMBER_OBJECT_CONVERSION = YES_AGGRESSIVE;
				CLANG_CXX_LANGUAGE_STANDARD = "gnu++14";
				CLANG_CXX_LIBRARY = "libc++";
				CLANG_ENABLE_MODULES = YES;
				CLANG_ENABLE_OBJC_ARC = YES;
				CLANG_ENABLE_OBJC_WEAK = YES;
				CLANG_WARN_BLOCK_CAPTURE_AUTORELEASING = YES;
				CLANG_WARN_BOOL_CONVERSION = YES;
				CLANG_WARN_COMMA = YES;
				CLANG_WARN_CONSTANT_CONVERSION = YES;
				CLANG_WARN_DEPRECATED_OBJC_IMPLEMENTATIONS = YES;
				CLANG_WARN_DIRECT_OBJC_ISA_USAGE = YES_ERROR;
				CLANG_WARN_DOCUMENTATION_COMMENTS = YES;
				CLANG_WARN_EMPTY_BODY = YES;
				CLANG_WARN_ENUM_CONVERSION = YES;
				CLANG_WARN_INFINITE_RECURSION = YES;
				CLANG_WARN_INT_CONVERSION = YES;
				CLANG_WARN_NON_LITERAL_NULL_CONVERSION = YES;
				CLANG_WARN_OBJC_IMPLICIT_RETAIN_SELF = YES;
				CLANG_WARN_OBJC_LITERAL_CONVERSION = YES;
				CLANG_WARN_OBJC_ROOT_CLASS = YES_ERROR;
				CLANG_WARN_RANGE_LOOP_ANALYSIS = YES;
				CLANG_WARN_STRICT_PROTOTYPES = YES;
				CLANG_WARN_SUSPICIOUS_MOVE = YES;
				CLANG_WARN_UNGUARDED_AVAILABILITY = YES_AGGRESSIVE;
				CLANG_WARN_UNREACHABLE_CODE = YES;
				CLANG_WARN__DUPLICATE_METHOD_MATCH = YES;
				CODE_SIGN_IDENTITY = "iPhone Developer";
				COPY_PHASE_STRIP = NO;
				DEBUG_INFORMATION_FORMAT = "dwarf-with-dsym";
				ENABLE_NS_ASSERTIONS = NO;
				ENABLE_STRICT_OBJC_MSGSEND = YES;
				GCC_C_LANGUAGE_STANDARD = gnu11;
				GCC_NO_COMMON_BLOCKS = YES;
				GCC_WARN_64_TO_32_BIT_CONVERSION = YES;
				GCC_WARN_ABOUT_RETURN_TYPE = YES_ERROR;
				GCC_WARN_UNDECLARED_SELECTOR = YES;
				GCC_WARN_UNINITIALIZED_AUTOS = YES_AGGRESSIVE;
				GCC_WARN_UNUSED_FUNCTION = YES;
				GCC_WARN_UNUSED_VARIABLE = YES;
				IPHONEOS_DEPLOYMENT_TARGET = 11.4;
				MTL_ENABLE_DEBUG_INFO = NO;
				SDKROOT = iphoneos;
				SWIFT_COMPILATION_MODE = wholemodule;
				SWIFT_OPTIMIZATION_LEVEL = "-O";
				VALIDATE_PRODUCT = YES;
			};
			name = Release;
		};
		6C7255E9214D72DE00290D99 /* Debug */ = {
			isa = XCBuildConfiguration;
			buildSettings = {
				ASSETCATALOG_COMPILER_APPICON_NAME = AppIcon;
				CODE_SIGN_STYLE = Automatic;
				DEVELOPMENT_TEAM = 657GC2CXLB;
				INFOPLIST_FILE = SimpleGithubClient/Info.plist;
				IPHONEOS_DEPLOYMENT_TARGET = 10.0;
				LD_RUNPATH_SEARCH_PATHS = (
					"$(inherited)",
					"@executable_path/Frameworks",
				);
				PRODUCT_BUNDLE_IDENTIFIER = ru.alexeyivanov.SimpleGithubClient;
				PRODUCT_NAME = "$(TARGET_NAME)";
				SWIFT_VERSION = 4.0;
				TARGETED_DEVICE_FAMILY = "1,2";
			};
			name = Debug;
		};
		6C7255EA214D72DE00290D99 /* Release */ = {
			isa = XCBuildConfiguration;
			buildSettings = {
				ASSETCATALOG_COMPILER_APPICON_NAME = AppIcon;
				CODE_SIGN_STYLE = Automatic;
				DEVELOPMENT_TEAM = 657GC2CXLB;
				INFOPLIST_FILE = SimpleGithubClient/Info.plist;
				IPHONEOS_DEPLOYMENT_TARGET = 10.0;
				LD_RUNPATH_SEARCH_PATHS = (
					"$(inherited)",
					"@executable_path/Frameworks",
				);
				PRODUCT_BUNDLE_IDENTIFIER = ru.alexeyivanov.SimpleGithubClient;
				PRODUCT_NAME = "$(TARGET_NAME)";
				SWIFT_VERSION = 4.0;
				TARGETED_DEVICE_FAMILY = "1,2";
			};
			name = Release;
		};
		6C7255EC214D72DE00290D99 /* Debug */ = {
			isa = XCBuildConfiguration;
			buildSettings = {
				ALWAYS_EMBED_SWIFT_STANDARD_LIBRARIES = YES;
				BUNDLE_LOADER = "$(TEST_HOST)";
				CODE_SIGN_STYLE = Automatic;
				DEVELOPMENT_TEAM = 657GC2CXLB;
				INFOPLIST_FILE = SimpleGithubClientTests/Info.plist;
				LD_RUNPATH_SEARCH_PATHS = (
					"$(inherited)",
					"@executable_path/Frameworks",
					"@loader_path/Frameworks",
				);
				PRODUCT_BUNDLE_IDENTIFIER = ru.alexeyivanov.SimpleGithubClientTests;
				PRODUCT_NAME = "$(TARGET_NAME)";
				SWIFT_VERSION = 4.0;
				TARGETED_DEVICE_FAMILY = "1,2";
				TEST_HOST = "$(BUILT_PRODUCTS_DIR)/SimpleGithubClient.app/SimpleGithubClient";
			};
			name = Debug;
		};
		6C7255ED214D72DE00290D99 /* Release */ = {
			isa = XCBuildConfiguration;
			buildSettings = {
				ALWAYS_EMBED_SWIFT_STANDARD_LIBRARIES = YES;
				BUNDLE_LOADER = "$(TEST_HOST)";
				CODE_SIGN_STYLE = Automatic;
				DEVELOPMENT_TEAM = 657GC2CXLB;
				INFOPLIST_FILE = SimpleGithubClientTests/Info.plist;
				LD_RUNPATH_SEARCH_PATHS = (
					"$(inherited)",
					"@executable_path/Frameworks",
					"@loader_path/Frameworks",
				);
				PRODUCT_BUNDLE_IDENTIFIER = ru.alexeyivanov.SimpleGithubClientTests;
				PRODUCT_NAME = "$(TARGET_NAME)";
				SWIFT_VERSION = 4.0;
				TARGETED_DEVICE_FAMILY = "1,2";
				TEST_HOST = "$(BUILT_PRODUCTS_DIR)/SimpleGithubClient.app/SimpleGithubClient";
			};
			name = Release;
		};
/* End XCBuildConfiguration section */

/* Begin XCConfigurationList section */
		6C7255C6214D72DB00290D99 /* Build configuration list for PBXProject "SimpleGithubClient" */ = {
			isa = XCConfigurationList;
			buildConfigurations = (
				6C7255E6214D72DE00290D99 /* Debug */,
				6C7255E7214D72DE00290D99 /* Release */,
			);
			defaultConfigurationIsVisible = 0;
			defaultConfigurationName = Release;
		};
		6C7255E8214D72DE00290D99 /* Build configuration list for PBXNativeTarget "SimpleGithubClient" */ = {
			isa = XCConfigurationList;
			buildConfigurations = (
				6C7255E9214D72DE00290D99 /* Debug */,
				6C7255EA214D72DE00290D99 /* Release */,
			);
			defaultConfigurationIsVisible = 0;
			defaultConfigurationName = Release;
		};
		6C7255EB214D72DE00290D99 /* Build configuration list for PBXNativeTarget "SimpleGithubClientTests" */ = {
			isa = XCConfigurationList;
			buildConfigurations = (
				6C7255EC214D72DE00290D99 /* Debug */,
				6C7255ED214D72DE00290D99 /* Release */,
			);
			defaultConfigurationIsVisible = 0;
			defaultConfigurationName = Release;
		};
/* End XCConfigurationList section */
	};
	rootObject = 6C7255C3214D72DB00290D99 /* Project object */;
}
